// !$*UTF8*$!
{
	archiveVersion = 1;
	classes = {
	};
	objectVersion = 56;
	objects = {

/* Begin PBXBuildFile section */
		5D2FB1882B58EA2100A0708B /* CreditsView.swift in Sources */ = {isa = PBXBuildFile; fileRef = 5D2FB1872B58EA2100A0708B /* CreditsView.swift */; };
		5D2FB18B2B58EA5900A0708B /* HeaderView.swift in Sources */ = {isa = PBXBuildFile; fileRef = 5D2FB18A2B58EA5900A0708B /* HeaderView.swift */; };
		5D2FB18D2B58ED2400A0708B /* SettingsView.swift in Sources */ = {isa = PBXBuildFile; fileRef = 5D2FB18C2B58ED2400A0708B /* SettingsView.swift */; };
		5D3CFD6E2B578FFF0050C0B0 /* CredoNotesApp.swift in Sources */ = {isa = PBXBuildFile; fileRef = 5D3CFD6D2B578FFF0050C0B0 /* CredoNotesApp.swift */; };
		5D3CFD702B578FFF0050C0B0 /* ContentView.swift in Sources */ = {isa = PBXBuildFile; fileRef = 5D3CFD6F2B578FFF0050C0B0 /* ContentView.swift */; };
		5D3CFD722B5790000050C0B0 /* Assets.xcassets in Resources */ = {isa = PBXBuildFile; fileRef = 5D3CFD712B5790000050C0B0 /* Assets.xcassets */; };
		5D3CFD752B5790000050C0B0 /* Preview Assets.xcassets in Resources */ = {isa = PBXBuildFile; fileRef = 5D3CFD742B5790000050C0B0 /* Preview Assets.xcassets */; };
		5D3CFD7E2B5792900050C0B0 /* Note.swift in Sources */ = {isa = PBXBuildFile; fileRef = 5D3CFD7D2B5792900050C0B0 /* Note.swift */; };
		5D3CFD802B58E6110050C0B0 /* DetailView.swift in Sources */ = {isa = PBXBuildFile; fileRef = 5D3CFD7F2B58E6110050C0B0 /* DetailView.swift */; };
/* End PBXBuildFile section */

/* Begin PBXFileReference section */
		5D2FB1872B58EA2100A0708B /* CreditsView.swift */ = {isa = PBXFileReference; lastKnownFileType = sourcecode.swift; path = CreditsView.swift; sourceTree = "<group>"; };
		5D2FB18A2B58EA5900A0708B /* HeaderView.swift */ = {isa = PBXFileReference; lastKnownFileType = sourcecode.swift; path = HeaderView.swift; sourceTree = "<group>"; };
		5D2FB18C2B58ED2400A0708B /* SettingsView.swift */ = {isa = PBXFileReference; lastKnownFileType = sourcecode.swift; path = SettingsView.swift; sourceTree = "<group>"; };
		5D3CFD6A2B578FFF0050C0B0 /* CredoNotes Watch App.app */ = {isa = PBXFileReference; explicitFileType = wrapper.application; includeInIndex = 0; path = "CredoNotes Watch App.app"; sourceTree = BUILT_PRODUCTS_DIR; };
		5D3CFD6D2B578FFF0050C0B0 /* CredoNotesApp.swift */ = {isa = PBXFileReference; lastKnownFileType = sourcecode.swift; path = CredoNotesApp.swift; sourceTree = "<group>"; };
		5D3CFD6F2B578FFF0050C0B0 /* ContentView.swift */ = {isa = PBXFileReference; lastKnownFileType = sourcecode.swift; path = ContentView.swift; sourceTree = "<group>"; };
		5D3CFD712B5790000050C0B0 /* Assets.xcassets */ = {isa = PBXFileReference; lastKnownFileType = folder.assetcatalog; path = Assets.xcassets; sourceTree = "<group>"; };
		5D3CFD742B5790000050C0B0 /* Preview Assets.xcassets */ = {isa = PBXFileReference; lastKnownFileType = folder.assetcatalog; path = "Preview Assets.xcassets"; sourceTree = "<group>"; };
		5D3CFD7D2B5792900050C0B0 /* Note.swift */ = {isa = PBXFileReference; lastKnownFileType = sourcecode.swift; path = Note.swift; sourceTree = "<group>"; };
		5D3CFD7F2B58E6110050C0B0 /* DetailView.swift */ = {isa = PBXFileReference; lastKnownFileType = sourcecode.swift; path = DetailView.swift; sourceTree = "<group>"; };
/* End PBXFileReference section */

/* Begin PBXFrameworksBuildPhase section */
		5D3CFD672B578FFF0050C0B0 /* Frameworks */ = {
			isa = PBXFrameworksBuildPhase;
			buildActionMask = 2147483647;
			files = (
			);
			runOnlyForDeploymentPostprocessing = 0;
		};
/* End PBXFrameworksBuildPhase section */

/* Begin PBXGroup section */
		5D2FB1892B58EA4C00A0708B /* Component */ = {
			isa = PBXGroup;
			children = (
				5D2FB18A2B58EA5900A0708B /* HeaderView.swift */,
			);
			path = Component;
			sourceTree = "<group>";
		};
		5D3CFD612B578FFF0050C0B0 = {
			isa = PBXGroup;
			children = (
				5D3CFD6C2B578FFF0050C0B0 /* CredoNotes Watch App */,
				5D3CFD6B2B578FFF0050C0B0 /* Products */,
			);
			sourceTree = "<group>";
		};
		5D3CFD6B2B578FFF0050C0B0 /* Products */ = {
			isa = PBXGroup;
			children = (
				5D3CFD6A2B578FFF0050C0B0 /* CredoNotes Watch App.app */,
			);
			name = Products;
			sourceTree = "<group>";
		};
		5D3CFD6C2B578FFF0050C0B0 /* CredoNotes Watch App */ = {
			isa = PBXGroup;
			children = (
				5D2FB1892B58EA4C00A0708B /* Component */,
				5D3CFD7C2B5792840050C0B0 /* Model */,
				5D3CFD6D2B578FFF0050C0B0 /* CredoNotesApp.swift */,
				5D3CFD7B2B57927A0050C0B0 /* Views */,
				5D3CFD712B5790000050C0B0 /* Assets.xcassets */,
				5D3CFD732B5790000050C0B0 /* Preview Content */,
			);
			path = "CredoNotes Watch App";
			sourceTree = "<group>";
		};
		5D3CFD732B5790000050C0B0 /* Preview Content */ = {
			isa = PBXGroup;
			children = (
				5D3CFD742B5790000050C0B0 /* Preview Assets.xcassets */,
			);
			path = "Preview Content";
			sourceTree = "<group>";
		};
		5D3CFD7B2B57927A0050C0B0 /* Views */ = {
			isa = PBXGroup;
			children = (
				5D3CFD6F2B578FFF0050C0B0 /* ContentView.swift */,
				5D3CFD7F2B58E6110050C0B0 /* DetailView.swift */,
				5D2FB1872B58EA2100A0708B /* CreditsView.swift */,
				5D2FB18C2B58ED2400A0708B /* SettingsView.swift */,
			);
			path = Views;
			sourceTree = "<group>";
		};
		5D3CFD7C2B5792840050C0B0 /* Model */ = {
			isa = PBXGroup;
			children = (
				5D3CFD7D2B5792900050C0B0 /* Note.swift */,
			);
			path = Model;
			sourceTree = "<group>";
		};
/* End PBXGroup section */

/* Begin PBXNativeTarget section */
		5D3CFD692B578FFF0050C0B0 /* CredoNotes Watch App */ = {
			isa = PBXNativeTarget;
			buildConfigurationList = 5D3CFD782B5790000050C0B0 /* Build configuration list for PBXNativeTarget "CredoNotes Watch App" */;
			buildPhases = (
				5D3CFD662B578FFF0050C0B0 /* Sources */,
				5D3CFD672B578FFF0050C0B0 /* Frameworks */,
				5D3CFD682B578FFF0050C0B0 /* Resources */,
			);
			buildRules = (
			);
			dependencies = (
			);
			name = "CredoNotes Watch App";
			productName = "CredoNotes Watch App";
			productReference = 5D3CFD6A2B578FFF0050C0B0 /* CredoNotes Watch App.app */;
			productType = "com.apple.product-type.application";
		};
/* End PBXNativeTarget section */

/* Begin PBXProject section */
		5D3CFD622B578FFF0050C0B0 /* Project object */ = {
			isa = PBXProject;
			attributes = {
				BuildIndependentTargetsInParallel = 1;
				LastSwiftUpdateCheck = 1510;
				LastUpgradeCheck = 1510;
				TargetAttributes = {
					5D3CFD692B578FFF0050C0B0 = {
						CreatedOnToolsVersion = 15.1;
					};
				};
			};
			buildConfigurationList = 5D3CFD652B578FFF0050C0B0 /* Build configuration list for PBXProject "CredoNotes" */;
			compatibilityVersion = "Xcode 14.0";
			developmentRegion = en;
			hasScannedForEncodings = 0;
			knownRegions = (
				en,
				Base,
			);
			mainGroup = 5D3CFD612B578FFF0050C0B0;
			productRefGroup = 5D3CFD6B2B578FFF0050C0B0 /* Products */;
			projectDirPath = "";
			projectRoot = "";
			targets = (
				5D3CFD692B578FFF0050C0B0 /* CredoNotes Watch App */,
			);
		};
/* End PBXProject section */

/* Begin PBXResourcesBuildPhase section */
		5D3CFD682B578FFF0050C0B0 /* Resources */ = {
			isa = PBXResourcesBuildPhase;
			buildActionMask = 2147483647;
			files = (
				5D3CFD752B5790000050C0B0 /* Preview Assets.xcassets in Resources */,
				5D3CFD722B5790000050C0B0 /* Assets.xcassets in Resources */,
			);
			runOnlyForDeploymentPostprocessing = 0;
		};
/* End PBXResourcesBuildPhase section */

/* Begin PBXSourcesBuildPhase section */
		5D3CFD662B578FFF0050C0B0 /* Sources */ = {
			isa = PBXSourcesBuildPhase;
			buildActionMask = 2147483647;
			files = (
				5D2FB18D2B58ED2400A0708B /* SettingsView.swift in Sources */,
				5D3CFD702B578FFF0050C0B0 /* ContentView.swift in Sources */,
				5D2FB18B2B58EA5900A0708B /* HeaderView.swift in Sources */,
				5D3CFD802B58E6110050C0B0 /* DetailView.swift in Sources */,
				5D3CFD6E2B578FFF0050C0B0 /* CredoNotesApp.swift in Sources */,
				5D2FB1882B58EA2100A0708B /* CreditsView.swift in Sources */,
				5D3CFD7E2B5792900050C0B0 /* Note.swift in Sources */,
			);
			runOnlyForDeploymentPostprocessing = 0;
		};
/* End PBXSourcesBuildPhase section */

/* Begin XCBuildConfiguration section */
		5D3CFD762B5790000050C0B0 /* Debug */ = {
			isa = XCBuildConfiguration;
			buildSettings = {
				ALWAYS_SEARCH_USER_PATHS = NO;
				ASSETCATALOG_COMPILER_GENERATE_SWIFT_ASSET_SYMBOL_EXTENSIONS = YES;
				CLANG_ANALYZER_NONNULL = YES;
				CLANG_ANALYZER_NUMBER_OBJECT_CONVERSION = YES_AGGRESSIVE;
				CLANG_CXX_LANGUAGE_STANDARD = "gnu++20";
				CLANG_ENABLE_MODULES = YES;
				CLANG_ENABLE_OBJC_ARC = YES;
				CLANG_ENABLE_OBJC_WEAK = YES;
				CLANG_WARN_BLOCK_CAPTURE_AUTORELEASING = YES;
				CLANG_WARN_BOOL_CONVERSION = YES;
				CLANG_WARN_COMMA = YES;
				CLANG_WARN_CONSTANT_CONVERSION = YES;
				CLANG_WARN_DEPRECATED_OBJC_IMPLEMENTATIONS = YES;
				CLANG_WARN_DIRECT_OBJC_ISA_USAGE = YES_ERROR;
				CLANG_WARN_DOCUMENTATION_COMMENTS = YES;
				CLANG_WARN_EMPTY_BODY = YES;
				CLANG_WARN_ENUM_CONVERSION = YES;
				CLANG_WARN_INFINITE_RECURSION = YES;
				CLANG_WARN_INT_CONVERSION = YES;
				CLANG_WARN_NON_LITERAL_NULL_CONVERSION = YES;
				CLANG_WARN_OBJC_IMPLICIT_RETAIN_SELF = YES;
				CLANG_WARN_OBJC_LITERAL_CONVERSION = YES;
				CLANG_WARN_OBJC_ROOT_CLASS = YES_ERROR;
				CLANG_WARN_QUOTED_INCLUDE_IN_FRAMEWORK_HEADER = YES;
				CLANG_WARN_RANGE_LOOP_ANALYSIS = YES;
				CLANG_WARN_STRICT_PROTOTYPES = YES;
				CLANG_WARN_SUSPICIOUS_MOVE = YES;
				CLANG_WARN_UNGUARDED_AVAILABILITY = YES_AGGRESSIVE;
				CLANG_WARN_UNREACHABLE_CODE = YES;
				CLANG_WARN__DUPLICATE_METHOD_MATCH = YES;
				COPY_PHASE_STRIP = NO;
				DEBUG_INFORMATION_FORMAT = dwarf;
				ENABLE_STRICT_OBJC_MSGSEND = YES;
				ENABLE_TESTABILITY = YES;
				ENABLE_USER_SCRIPT_SANDBOXING = YES;
				GCC_C_LANGUAGE_STANDARD = gnu17;
				GCC_DYNAMIC_NO_PIC = NO;
				GCC_NO_COMMON_BLOCKS = YES;
				GCC_OPTIMIZATION_LEVEL = 0;
				GCC_PREPROCESSOR_DEFINITIONS = (
					"DEBUG=1",
					"$(inherited)",
				);
				GCC_WARN_64_TO_32_BIT_CONVERSION = YES;
				GCC_WARN_ABOUT_RETURN_TYPE = YES_ERROR;
				GCC_WARN_UNDECLARED_SELECTOR = YES;
				GCC_WARN_UNINITIALIZED_AUTOS = YES_AGGRESSIVE;
				GCC_WARN_UNUSED_FUNCTION = YES;
				GCC_WARN_UNUSED_VARIABLE = YES;
				LOCALIZATION_PREFERS_STRING_CATALOGS = YES;
				MTL_ENABLE_DEBUG_INFO = INCLUDE_SOURCE;
				MTL_FAST_MATH = YES;
				ONLY_ACTIVE_ARCH = YES;
				SWIFT_ACTIVE_COMPILATION_CONDITIONS = "DEBUG $(inherited)";
				SWIFT_OPTIMIZATION_LEVEL = "-Onone";
			};
			name = Debug;
		};
		5D3CFD772B5790000050C0B0 /* Release */ = {
			isa = XCBuildConfiguration;
			buildSettings = {
				ALWAYS_SEARCH_USER_PATHS = NO;
				ASSETCATALOG_COMPILER_GENERATE_SWIFT_ASSET_SYMBOL_EXTENSIONS = YES;
				CLANG_ANALYZER_NONNULL = YES;
				CLANG_ANALYZER_NUMBER_OBJECT_CONVERSION = YES_AGGRESSIVE;
				CLANG_CXX_LANGUAGE_STANDARD = "gnu++20";
				CLANG_ENABLE_MODULES = YES;
				CLANG_ENABLE_OBJC_ARC = YES;
				CLANG_ENABLE_OBJC_WEAK = YES;
				CLANG_WARN_BLOCK_CAPTURE_AUTORELEASING = YES;
				CLANG_WARN_BOOL_CONVERSION = YES;
				CLANG_WARN_COMMA = YES;
				CLANG_WARN_CONSTANT_CONVERSION = YES;
				CLANG_WARN_DEPRECATED_OBJC_IMPLEMENTATIONS = YES;
				CLANG_WARN_DIRECT_OBJC_ISA_USAGE = YES_ERROR;
				CLANG_WARN_DOCUMENTATION_COMMENTS = YES;
				CLANG_WARN_EMPTY_BODY = YES;
				CLANG_WARN_ENUM_CONVERSION = YES;
				CLANG_WARN_INFINITE_RECURSION = YES;
				CLANG_WARN_INT_CONVERSION = YES;
				CLANG_WARN_NON_LITERAL_NULL_CONVERSION = YES;
				CLANG_WARN_OBJC_IMPLICIT_RETAIN_SELF = YES;
				CLANG_WARN_OBJC_LITERAL_CONVERSION = YES;
				CLANG_WARN_OBJC_ROOT_CLASS = YES_ERROR;
				CLANG_WARN_QUOTED_INCLUDE_IN_FRAMEWORK_HEADER = YES;
				CLANG_WARN_RANGE_LOOP_ANALYSIS = YES;
				CLANG_WARN_STRICT_PROTOTYPES = YES;
				CLANG_WARN_SUSPICIOUS_MOVE = YES;
				CLANG_WARN_UNGUARDED_AVAILABILITY = YES_AGGRESSIVE;
				CLANG_WARN_UNREACHABLE_CODE = YES;
				CLANG_WARN__DUPLICATE_METHOD_MATCH = YES;
				COPY_PHASE_STRIP = NO;
				DEBUG_INFORMATION_FORMAT = "dwarf-with-dsym";
				ENABLE_NS_ASSERTIONS = NO;
				ENABLE_STRICT_OBJC_MSGSEND = YES;
				ENABLE_USER_SCRIPT_SANDBOXING = YES;
				GCC_C_LANGUAGE_STANDARD = gnu17;
				GCC_NO_COMMON_BLOCKS = YES;
				GCC_WARN_64_TO_32_BIT_CONVERSION = YES;
				GCC_WARN_ABOUT_RETURN_TYPE = YES_ERROR;
				GCC_WARN_UNDECLARED_SELECTOR = YES;
				GCC_WARN_UNINITIALIZED_AUTOS = YES_AGGRESSIVE;
				GCC_WARN_UNUSED_FUNCTION = YES;
				GCC_WARN_UNUSED_VARIABLE = YES;
				LOCALIZATION_PREFERS_STRING_CATALOGS = YES;
				MTL_ENABLE_DEBUG_INFO = NO;
				MTL_FAST_MATH = YES;
				SWIFT_COMPILATION_MODE = wholemodule;
			};
			name = Release;
		};
		5D3CFD792B5790000050C0B0 /* Debug */ = {
			isa = XCBuildConfiguration;
			buildSettings = {
				ASSETCATALOG_COMPILER_APPICON_NAME = AppIcon;
				ASSETCATALOG_COMPILER_GLOBAL_ACCENT_COLOR_NAME = AccentColor;
				CODE_SIGN_STYLE = Automatic;
				CURRENT_PROJECT_VERSION = 1;
				DEVELOPMENT_ASSET_PATHS = "\"CredoNotes Watch App/Preview Content\"";
				DEVELOPMENT_TEAM = 3C2X999TFX;
				ENABLE_PREVIEWS = YES;
				GENERATE_INFOPLIST_FILE = YES;
				INFOPLIST_KEY_CFBundleDisplayName = CredoNotes;
				INFOPLIST_KEY_UISupportedInterfaceOrientations = "UIInterfaceOrientationPortrait UIInterfaceOrientationPortraitUpsideDown";
				INFOPLIST_KEY_WKCompanionAppBundleIdentifier = "";
				LD_RUNPATH_SEARCH_PATHS = (
					"$(inherited)",
					"@executable_path/Frameworks",
				);
				MARKETING_VERSION = 1.0;
				PRODUCT_BUNDLE_IDENTIFIER = .watchkitapp;
				PRODUCT_NAME = "$(TARGET_NAME)";
				SDKROOT = watchos;
				SKIP_INSTALL = YES;
				SWIFT_EMIT_LOC_STRINGS = YES;
				SWIFT_VERSION = 5.0;
				TARGETED_DEVICE_FAMILY = 4;
				WATCHOS_DEPLOYMENT_TARGET = 10.2;
			};
			name = Debug;
		};
		5D3CFD7A2B5790000050C0B0 /* Release */ = {
			isa = XCBuildConfiguration;
			buildSettings = {
				ASSETCATALOG_COMPILER_APPICON_NAME = AppIcon;
				ASSETCATALOG_COMPILER_GLOBAL_ACCENT_COLOR_NAME = AccentColor;
				CODE_SIGN_STYLE = Automatic;
				CURRENT_PROJECT_VERSION = 1;
				DEVELOPMENT_ASSET_PATHS = "\"CredoNotes Watch App/Preview Content\"";
				DEVELOPMENT_TEAM = 3C2X999TFX;
				ENABLE_PREVIEWS = YES;
				GENERATE_INFOPLIST_FILE = YES;
				INFOPLIST_KEY_CFBundleDisplayName = CredoNotes;
				INFOPLIST_KEY_UISupportedInterfaceOrientations = "UIInterfaceOrientationPortrait UIInterfaceOrientationPortraitUpsideDown";
				INFOPLIST_KEY_WKCompanionAppBundleIdentifier = "";
				LD_RUNPATH_SEARCH_PATHS = (
					"$(inherited)",
					"@executable_path/Frameworks",
				);
				MARKETING_VERSION = 1.0;
				PRODUCT_BUNDLE_IDENTIFIER = .watchkitapp;
				PRODUCT_NAME = "$(TARGET_NAME)";
				SDKROOT = watchos;
				SKIP_INSTALL = YES;
				SWIFT_EMIT_LOC_STRINGS = YES;
				SWIFT_VERSION = 5.0;
				TARGETED_DEVICE_FAMILY = 4;
				VALIDATE_PRODUCT = YES;
				WATCHOS_DEPLOYMENT_TARGET = 10.2;
			};
			name = Release;
		};
/* End XCBuildConfiguration section */

/* Begin XCConfigurationList section */
		5D3CFD652B578FFF0050C0B0 /* Build configuration list for PBXProject "CredoNotes" */ = {
			isa = XCConfigurationList;
			buildConfigurations = (
				5D3CFD762B5790000050C0B0 /* Debug */,
				5D3CFD772B5790000050C0B0 /* Release */,
			);
			defaultConfigurationIsVisible = 0;
			defaultConfigurationName = Release;
		};
		5D3CFD782B5790000050C0B0 /* Build configuration list for PBXNativeTarget "CredoNotes Watch App" */ = {
			isa = XCConfigurationList;
			buildConfigurations = (
				5D3CFD792B5790000050C0B0 /* Debug */,
				5D3CFD7A2B5790000050C0B0 /* Release */,
			);
			defaultConfigurationIsVisible = 0;
			defaultConfigurationName = Release;
		};
/* End XCConfigurationList section */
	};
	rootObject = 5D3CFD622B578FFF0050C0B0 /* Project object */;
}
